
Microsoft Visual Studio Solution File, Format Version 12.00
# Visual Studio 15
Project("{FAE04EC0-301F-11D3-BF4B-00C04F79EFBC}") = "lib-catalog", "lib-catalog\lib-catalog.csproj", "{43060623-1601-4D34-B64C-6E58D7B3E32D}"
EndProject
Project("{FAE04EC0-301F-11D3-BF4B-00C04F79EFBC}") = "lib-catalog.Tests", "lib-catalog.Tests\lib-catalog.Tests.csproj", "{BB750D6C-C8BF-4754-9D0B-C76BCE2F3787}"
EndProject
Global
	GlobalSection(SolutionConfigurationPlatforms) = preSolution
		Debug|Any CPU = Debug|Any CPU
		Release|Any CPU = Release|Any CPU
	EndGlobalSection
	GlobalSection(ProjectConfigurationPlatforms) = postSolution
		{43060623-1601-4D34-B64C-6E58D7B3E32D}.Debug|Any CPU.ActiveCfg = Debug|Any CPU
		{43060623-1601-4D34-B64C-6E58D7B3E32D}.Debug|Any CPU.Build.0 = Debug|Any CPU
		{43060623-1601-4D34-B64C-6E58D7B3E32D}.Release|Any CPU.ActiveCfg = Release|Any CPU
		{43060623-1601-4D34-B64C-6E58D7B3E32D}.Release|Any CPU.Build.0 = Release|Any CPU
		{BB750D6C-C8BF-4754-9D0B-C76BCE2F3787}.Debug|Any CPU.ActiveCfg = Debug|Any CPU
		{BB750D6C-C8BF-4754-9D0B-C76BCE2F3787}.Debug|Any CPU.Build.0 = Debug|Any CPU
		{BB750D6C-C8BF-4754-9D0B-C76BCE2F3787}.Release|Any CPU.ActiveCfg = Release|Any CPU
		{BB750D6C-C8BF-4754-9D0B-C76BCE2F3787}.Release|Any CPU.Build.0 = Release|Any CPU
	EndGlobalSection
EndGlobal
